
Microsoft Visual Studio Solution File, Format Version 12.00
# Visual Studio Version 17
VisualStudioVersion = 17.5.002.0
MinimumVisualStudioVersion = 10.0.40219.1
Project("{2150E333-8FDC-42A3-9474-1A3956D46DE8}") = "sandbox", "sandbox", "{7376000C-7F63-4B64-8479-46BDEAD6A52F}"
EndProject
Project("{9A19103F-16F7-4668-BE54-9A1E7A4F7556}") = "sandbox_project", "sandbox\sandbox_project\sandbox_project.csproj", "{6FAF142B-6C47-4F1D-BC19-DA62EBC60FC8}"
EndProject
Project("{2150E333-8FDC-42A3-9474-1A3956D46DE8}") = "week01", "week01", "{41B01EB9-9377-4C44-BA49-F328D8645FAE}"
EndProject
Project("{9A19103F-16F7-4668-BE54-9A1E7A4F7556}") = "analyze", "week01\analyze\analyze.csproj", "{16BACE7C-B9C2-4A58-8ED8-43C9C3B1E982}"
EndProject
Project("{9A19103F-16F7-4668-BE54-9A1E7A4F7556}") = "code", "week01\code\code.csproj", "{6BDABAE4-150B-456F-AB61-BC51443F7F82}"
EndProject
Project("{9A19103F-16F7-4668-BE54-9A1E7A4F7556}") = "teach", "week01\teach\teach.csproj", "{A1B507C3-24E4-45D2-922C-6CA5343AEBAC}"
EndProject
Project("{2150E333-8FDC-42A3-9474-1A3956D46DE8}") = "week02", "week02", "{045E4FA6-B0B7-48B2-8396-F588566733AF}"
EndProject
Project("{9A19103F-16F7-4668-BE54-9A1E7A4F7556}") = "analyze", "week02\analyze\analyze.csproj", "{E181FFEA-01A3-4890-9559-76F735B3DD0B}"
EndProject
Project("{9A19103F-16F7-4668-BE54-9A1E7A4F7556}") = "code", "week02\code\code.csproj", "{488C02A7-F0C9-4A89-8056-C8796A7E7FF1}"
EndProject
Project("{9A19103F-16F7-4668-BE54-9A1E7A4F7556}") = "learn", "week02\learn\learn.csproj", "{BCC038C0-CEFC-40DB-9802-D5C81E126CDD}"
EndProject
Project("{9A19103F-16F7-4668-BE54-9A1E7A4F7556}") = "teach", "week02\teach\teach.csproj", "{3DE98DF5-1209-4597-AE3C-E61AEEDC99F5}"
EndProject
Project("{2150E333-8FDC-42A3-9474-1A3956D46DE8}") = "week03", "week03", "{0A327FA4-B6BB-4834-B979-945E79C0B4A5}"
EndProject
Project("{9A19103F-16F7-4668-BE54-9A1E7A4F7556}") = "code", "week03\code\code.csproj", "{DBF2E96E-A6C3-422E-BBDD-B6314FC95A25}"
EndProject
Project("{9A19103F-16F7-4668-BE54-9A1E7A4F7556}") = "learn", "week03\learn\learn.csproj", "{BCEE7ADE-7F85-4463-9F01-8677AF328763}"
EndProject
Project("{9A19103F-16F7-4668-BE54-9A1E7A4F7556}") = "teach", "week03\teach\teach.csproj", "{674E32F8-6382-438A-B30B-E13609CE1151}"
EndProject
Project("{2150E333-8FDC-42A3-9474-1A3956D46DE8}") = "week04", "week04", "{E973F0DB-58D7-4A4E-A72A-55F963FC945B}"
EndProject
Project("{9A19103F-16F7-4668-BE54-9A1E7A4F7556}") = "code", "week04\code\code.csproj", "{C06EC055-7EC5-486C-A435-BA3E8D23E2C1}"
EndProject
Project("{2150E333-8FDC-42A3-9474-1A3956D46DE8}") = "week05", "week05", "{2280618B-0D1B-4212-983B-B5B299495D45}"
EndProject
Project("{9A19103F-16F7-4668-BE54-9A1E7A4F7556}") = "code", "week05\code\code.csproj", "{EC73F676-0552-48CE-B480-B351860BD9B6}"
EndProject
Project("{2150E333-8FDC-42A3-9474-1A3956D46DE8}") = "week06", "week06", "{6548FD84-0653-45B2-B306-43AAFBB638C6}"
EndProject
Project("{9A19103F-16F7-4668-BE54-9A1E7A4F7556}") = "code", "week06\code\code.csproj", "{5D4D6ECA-05E9-44B1-B184-C31B4140FF69}"
EndProject
Global
	GlobalSection(SolutionConfigurationPlatforms) = preSolution
		Debug|Any CPU = Debug|Any CPU
		Release|Any CPU = Release|Any CPU
	EndGlobalSection
	GlobalSection(ProjectConfigurationPlatforms) = postSolution
		{6FAF142B-6C47-4F1D-BC19-DA62EBC60FC8}.Debug|Any CPU.ActiveCfg = Debug|Any CPU
		{6FAF142B-6C47-4F1D-BC19-DA62EBC60FC8}.Debug|Any CPU.Build.0 = Debug|Any CPU
		{6FAF142B-6C47-4F1D-BC19-DA62EBC60FC8}.Release|Any CPU.ActiveCfg = Release|Any CPU
		{6FAF142B-6C47-4F1D-BC19-DA62EBC60FC8}.Release|Any CPU.Build.0 = Release|Any CPU
		{16BACE7C-B9C2-4A58-8ED8-43C9C3B1E982}.Debug|Any CPU.ActiveCfg = Debug|Any CPU
		{16BACE7C-B9C2-4A58-8ED8-43C9C3B1E982}.Debug|Any CPU.Build.0 = Debug|Any CPU
		{16BACE7C-B9C2-4A58-8ED8-43C9C3B1E982}.Release|Any CPU.ActiveCfg = Release|Any CPU
		{16BACE7C-B9C2-4A58-8ED8-43C9C3B1E982}.Release|Any CPU.Build.0 = Release|Any CPU
		{6BDABAE4-150B-456F-AB61-BC51443F7F82}.Debug|Any CPU.ActiveCfg = Debug|Any CPU
		{6BDABAE4-150B-456F-AB61-BC51443F7F82}.Debug|Any CPU.Build.0 = Debug|Any CPU
		{6BDABAE4-150B-456F-AB61-BC51443F7F82}.Release|Any CPU.ActiveCfg = Release|Any CPU
		{6BDABAE4-150B-456F-AB61-BC51443F7F82}.Release|Any CPU.Build.0 = Release|Any CPU
		{A1B507C3-24E4-45D2-922C-6CA5343AEBAC}.Debug|Any CPU.ActiveCfg = Debug|Any CPU
		{A1B507C3-24E4-45D2-922C-6CA5343AEBAC}.Debug|Any CPU.Build.0 = Debug|Any CPU
		{A1B507C3-24E4-45D2-922C-6CA5343AEBAC}.Release|Any CPU.ActiveCfg = Release|Any CPU
		{A1B507C3-24E4-45D2-922C-6CA5343AEBAC}.Release|Any CPU.Build.0 = Release|Any CPU
		{E181FFEA-01A3-4890-9559-76F735B3DD0B}.Debug|Any CPU.ActiveCfg = Debug|Any CPU
		{E181FFEA-01A3-4890-9559-76F735B3DD0B}.Debug|Any CPU.Build.0 = Debug|Any CPU
		{E181FFEA-01A3-4890-9559-76F735B3DD0B}.Release|Any CPU.ActiveCfg = Release|Any CPU
		{E181FFEA-01A3-4890-9559-76F735B3DD0B}.Release|Any CPU.Build.0 = Release|Any CPU
		{488C02A7-F0C9-4A89-8056-C8796A7E7FF1}.Debug|Any CPU.ActiveCfg = Debug|Any CPU
		{488C02A7-F0C9-4A89-8056-C8796A7E7FF1}.Debug|Any CPU.Build.0 = Debug|Any CPU
		{488C02A7-F0C9-4A89-8056-C8796A7E7FF1}.Release|Any CPU.ActiveCfg = Release|Any CPU
		{488C02A7-F0C9-4A89-8056-C8796A7E7FF1}.Release|Any CPU.Build.0 = Release|Any CPU
		{BCC038C0-CEFC-40DB-9802-D5C81E126CDD}.Debug|Any CPU.ActiveCfg = Debug|Any CPU
		{BCC038C0-CEFC-40DB-9802-D5C81E126CDD}.Debug|Any CPU.Build.0 = Debug|Any CPU
		{BCC038C0-CEFC-40DB-9802-D5C81E126CDD}.Release|Any CPU.ActiveCfg = Release|Any CPU
		{BCC038C0-CEFC-40DB-9802-D5C81E126CDD}.Release|Any CPU.Build.0 = Release|Any CPU
		{3DE98DF5-1209-4597-AE3C-E61AEEDC99F5}.Debug|Any CPU.ActiveCfg = Debug|Any CPU
		{3DE98DF5-1209-4597-AE3C-E61AEEDC99F5}.Debug|Any CPU.Build.0 = Debug|Any CPU
		{3DE98DF5-1209-4597-AE3C-E61AEEDC99F5}.Release|Any CPU.ActiveCfg = Release|Any CPU
		{3DE98DF5-1209-4597-AE3C-E61AEEDC99F5}.Release|Any CPU.Build.0 = Release|Any CPU
		{DBF2E96E-A6C3-422E-BBDD-B6314FC95A25}.Debug|Any CPU.ActiveCfg = Debug|Any CPU
		{DBF2E96E-A6C3-422E-BBDD-B6314FC95A25}.Debug|Any CPU.Build.0 = Debug|Any CPU
		{DBF2E96E-A6C3-422E-BBDD-B6314FC95A25}.Release|Any CPU.ActiveCfg = Release|Any CPU
		{DBF2E96E-A6C3-422E-BBDD-B6314FC95A25}.Release|Any CPU.Build.0 = Release|Any CPU
		{BCEE7ADE-7F85-4463-9F01-8677AF328763}.Debug|Any CPU.ActiveCfg = Debug|Any CPU
		{BCEE7ADE-7F85-4463-9F01-8677AF328763}.Debug|Any CPU.Build.0 = Debug|Any CPU
		{BCEE7ADE-7F85-4463-9F01-8677AF328763}.Release|Any CPU.ActiveCfg = Release|Any CPU
		{BCEE7ADE-7F85-4463-9F01-8677AF328763}.Release|Any CPU.Build.0 = Release|Any CPU
		{674E32F8-6382-438A-B30B-E13609CE1151}.Debug|Any CPU.ActiveCfg = Debug|Any CPU
		{674E32F8-6382-438A-B30B-E13609CE1151}.Debug|Any CPU.Build.0 = Debug|Any CPU
		{674E32F8-6382-438A-B30B-E13609CE1151}.Release|Any CPU.ActiveCfg = Release|Any CPU
		{674E32F8-6382-438A-B30B-E13609CE1151}.Release|Any CPU.Build.0 = Release|Any CPU
		{C06EC055-7EC5-486C-A435-BA3E8D23E2C1}.Debug|Any CPU.ActiveCfg = Debug|Any CPU
		{C06EC055-7EC5-486C-A435-BA3E8D23E2C1}.Debug|Any CPU.Build.0 = Debug|Any CPU
		{C06EC055-7EC5-486C-A435-BA3E8D23E2C1}.Release|Any CPU.ActiveCfg = Release|Any CPU
		{C06EC055-7EC5-486C-A435-BA3E8D23E2C1}.Release|Any CPU.Build.0 = Release|Any CPU
		{EC73F676-0552-48CE-B480-B351860BD9B6}.Debug|Any CPU.ActiveCfg = Debug|Any CPU
		{EC73F676-0552-48CE-B480-B351860BD9B6}.Debug|Any CPU.Build.0 = Debug|Any CPU
		{EC73F676-0552-48CE-B480-B351860BD9B6}.Release|Any CPU.ActiveCfg = Release|Any CPU
		{EC73F676-0552-48CE-B480-B351860BD9B6}.Release|Any CPU.Build.0 = Release|Any CPU
		{5D4D6ECA-05E9-44B1-B184-C31B4140FF69}.Debug|Any CPU.ActiveCfg = Debug|Any CPU
		{5D4D6ECA-05E9-44B1-B184-C31B4140FF69}.Debug|Any CPU.Build.0 = Debug|Any CPU
		{5D4D6ECA-05E9-44B1-B184-C31B4140FF69}.Release|Any CPU.ActiveCfg = Release|Any CPU
		{5D4D6ECA-05E9-44B1-B184-C31B4140FF69}.Release|Any CPU.Build.0 = Release|Any CPU
	EndGlobalSection
	GlobalSection(SolutionProperties) = preSolution
		HideSolutionNode = FALSE
	EndGlobalSection
	GlobalSection(NestedProjects) = preSolution
		{6FAF142B-6C47-4F1D-BC19-DA62EBC60FC8} = {7376000C-7F63-4B64-8479-46BDEAD6A52F}
		{16BACE7C-B9C2-4A58-8ED8-43C9C3B1E982} = {41B01EB9-9377-4C44-BA49-F328D8645FAE}
		{6BDABAE4-150B-456F-AB61-BC51443F7F82} = {41B01EB9-9377-4C44-BA49-F328D8645FAE}
		{A1B507C3-24E4-45D2-922C-6CA5343AEBAC} = {41B01EB9-9377-4C44-BA49-F328D8645FAE}
		{E181FFEA-01A3-4890-9559-76F735B3DD0B} = {045E4FA6-B0B7-48B2-8396-F588566733AF}
		{488C02A7-F0C9-4A89-8056-C8796A7E7FF1} = {045E4FA6-B0B7-48B2-8396-F588566733AF}
		{BCC038C0-CEFC-40DB-9802-D5C81E126CDD} = {045E4FA6-B0B7-48B2-8396-F588566733AF}
		{3DE98DF5-1209-4597-AE3C-E61AEEDC99F5} = {045E4FA6-B0B7-48B2-8396-F588566733AF}
		{DBF2E96E-A6C3-422E-BBDD-B6314FC95A25} = {0A327FA4-B6BB-4834-B979-945E79C0B4A5}
		{BCEE7ADE-7F85-4463-9F01-8677AF328763} = {0A327FA4-B6BB-4834-B979-945E79C0B4A5}
		{674E32F8-6382-438A-B30B-E13609CE1151} = {0A327FA4-B6BB-4834-B979-945E79C0B4A5}
		{C06EC055-7EC5-486C-A435-BA3E8D23E2C1} = {E973F0DB-58D7-4A4E-A72A-55F963FC945B}
		{EC73F676-0552-48CE-B480-B351860BD9B6} = {2280618B-0D1B-4212-983B-B5B299495D45}
		{5D4D6ECA-05E9-44B1-B184-C31B4140FF69} = {6548FD84-0653-45B2-B306-43AAFBB638C6}
	EndGlobalSection
	GlobalSection(ExtensibilityGlobals) = postSolution
		SolutionGuid = {A5D6BCCF-163D-4053-81CD-C49DB1949996}
	EndGlobalSection
EndGlobal
